
Microsoft Visual Studio Solution File, Format Version 12.00
# Visual Studio Version 17
VisualStudioVersion = 17.13.35825.156 d17.13
MinimumVisualStudioVersion = 10.0.40219.1
Project("{FAE04EC0-301F-11D3-BF4B-00C04F79EFBC}") = "task 16", "task 16\task 16.csproj", "{CAF73907-23C3-497A-A744-9BFB88A52599}"
EndProject
Global
	GlobalSection(SolutionConfigurationPlatforms) = preSolution
		Debug|Any CPU = Debug|Any CPU
		Release|Any CPU = Release|Any CPU
	EndGlobalSection
	GlobalSection(ProjectConfigurationPlatforms) = postSolution
		{CAF73907-23C3-497A-A744-9BFB88A52599}.Debug|Any CPU.ActiveCfg = Debug|Any CPU
		{CAF73907-23C3-497A-A744-9BFB88A52599}.Debug|Any CPU.Build.0 = Debug|Any CPU
		{CAF73907-23C3-497A-A744-9BFB88A52599}.Release|Any CPU.ActiveCfg = Release|Any CPU
		{CAF73907-23C3-497A-A744-9BFB88A52599}.Release|Any CPU.Build.0 = Release|Any CPU
	EndGlobalSection
	GlobalSection(SolutionProperties) = preSolution
		HideSolutionNode = FALSE
	EndGlobalSection
	GlobalSection(ExtensibilityGlobals) = postSolution
		SolutionGuid = {54217CA6-BAA6-4AF0-AB18-658263E65474}
	EndGlobalSection
EndGlobal
